
Microsoft Visual Studio Solution File, Format Version 12.00
# Visual Studio Version 16
VisualStudioVersion = 16.0.31025.194
MinimumVisualStudioVersion = 10.0.40219.1
Project("{9A19103F-16F7-4668-BE54-9A1E7A4F7556}") = "Arquitetura_Curso_DIO", "Arquitetura_Curso_DIO.csproj", "{AB44BE0B-75BF-4F32-AC7C-0E6A22866D84}"
EndProject
Global
	GlobalSection(SolutionConfigurationPlatforms) = preSolution
		Debug|Any CPU = Debug|Any CPU
		Release|Any CPU = Release|Any CPU
	EndGlobalSection
	GlobalSection(ProjectConfigurationPlatforms) = postSolution
		{AB44BE0B-75BF-4F32-AC7C-0E6A22866D84}.Debug|Any CPU.ActiveCfg = Debug|Any CPU
		{AB44BE0B-75BF-4F32-AC7C-0E6A22866D84}.Debug|Any CPU.Build.0 = Debug|Any CPU
		{AB44BE0B-75BF-4F32-AC7C-0E6A22866D84}.Release|Any CPU.ActiveCfg = Release|Any CPU
		{AB44BE0B-75BF-4F32-AC7C-0E6A22866D84}.Release|Any CPU.Build.0 = Release|Any CPU
	EndGlobalSection
	GlobalSection(SolutionProperties) = preSolution
		HideSolutionNode = FALSE
	EndGlobalSection
	GlobalSection(ExtensibilityGlobals) = postSolution
		SolutionGuid = {38A336AB-213B-41C2-A4E5-16E22531B4D4}
	EndGlobalSection
EndGlobal
